
Microsoft Visual Studio Solution File, Format Version 12.00
# Visual Studio 2013
VisualStudioVersion = 12.0.31101.0
MinimumVisualStudioVersion = 10.0.40219.1
Project("{FAE04EC0-301F-11D3-BF4B-00C04F79EFBC}") = "Cargoclix_Demo_App", "Cargoclix_Demo_App\Cargoclix_Demo_App.csproj", "{F76D778E-9293-4D75-A576-1E17C4544ADD}"
EndProject
Global
	GlobalSection(SolutionConfigurationPlatforms) = preSolution
		Debug|Any CPU = Debug|Any CPU
		Release|Any CPU = Release|Any CPU
	EndGlobalSection
	GlobalSection(ProjectConfigurationPlatforms) = postSolution
		{F76D778E-9293-4D75-A576-1E17C4544ADD}.Debug|Any CPU.ActiveCfg = Debug|Any CPU
		{F76D778E-9293-4D75-A576-1E17C4544ADD}.Debug|Any CPU.Build.0 = Debug|Any CPU
		{F76D778E-9293-4D75-A576-1E17C4544ADD}.Release|Any CPU.ActiveCfg = Release|Any CPU
		{F76D778E-9293-4D75-A576-1E17C4544ADD}.Release|Any CPU.Build.0 = Release|Any CPU
	EndGlobalSection
	GlobalSection(SolutionProperties) = preSolution
		HideSolutionNode = FALSE
	EndGlobalSection
EndGlobal
